
Microsoft Visual Studio Solution File, Format Version 12.00
# Visual Studio 15
VisualStudioVersion = 15.0.28307.421
MinimumVisualStudioVersion = 10.0.40219.1
Project("{FAE04EC0-301F-11D3-BF4B-00C04F79EFBC}") = "Thompson_Lab4A", "Thompson_Lab4A\Thompson_Lab4A.csproj", "{244C5342-BC00-400A-8786-50DC52D3C008}"
EndProject
Global
	GlobalSection(SolutionConfigurationPlatforms) = preSolution
		Debug|Any CPU = Debug|Any CPU
		Release|Any CPU = Release|Any CPU
	EndGlobalSection
	GlobalSection(ProjectConfigurationPlatforms) = postSolution
		{244C5342-BC00-400A-8786-50DC52D3C008}.Debug|Any CPU.ActiveCfg = Debug|Any CPU
		{244C5342-BC00-400A-8786-50DC52D3C008}.Debug|Any CPU.Build.0 = Debug|Any CPU
		{244C5342-BC00-400A-8786-50DC52D3C008}.Release|Any CPU.ActiveCfg = Release|Any CPU
		{244C5342-BC00-400A-8786-50DC52D3C008}.Release|Any CPU.Build.0 = Release|Any CPU
	EndGlobalSection
	GlobalSection(SolutionProperties) = preSolution
		HideSolutionNode = FALSE
	EndGlobalSection
	GlobalSection(ExtensibilityGlobals) = postSolution
		SolutionGuid = {9B6F1023-6981-442D-A2E1-5B59D6A8E7DE}
	EndGlobalSection
EndGlobal
