
Microsoft Visual Studio Solution File, Format Version 12.00
# Visual Studio 15
VisualStudioVersion = 15.0.28307.489
MinimumVisualStudioVersion = 10.0.40219.1
Project("{FAE04EC0-301F-11D3-BF4B-00C04F79EFBC}") = "Thompson_Lab6A", "Thompson_Lab6A\Thompson_Lab6A.csproj", "{7D3AEAA7-617D-4E94-A80F-BBD52B76F7DF}"
EndProject
Global
	GlobalSection(SolutionConfigurationPlatforms) = preSolution
		Debug|Any CPU = Debug|Any CPU
		Release|Any CPU = Release|Any CPU
	EndGlobalSection
	GlobalSection(ProjectConfigurationPlatforms) = postSolution
		{7D3AEAA7-617D-4E94-A80F-BBD52B76F7DF}.Debug|Any CPU.ActiveCfg = Debug|Any CPU
		{7D3AEAA7-617D-4E94-A80F-BBD52B76F7DF}.Debug|Any CPU.Build.0 = Debug|Any CPU
		{7D3AEAA7-617D-4E94-A80F-BBD52B76F7DF}.Release|Any CPU.ActiveCfg = Release|Any CPU
		{7D3AEAA7-617D-4E94-A80F-BBD52B76F7DF}.Release|Any CPU.Build.0 = Release|Any CPU
	EndGlobalSection
	GlobalSection(SolutionProperties) = preSolution
		HideSolutionNode = FALSE
	EndGlobalSection
	GlobalSection(ExtensibilityGlobals) = postSolution
		SolutionGuid = {24570A2A-E225-4CFD-9AC5-C1016B113741}
	EndGlobalSection
EndGlobal
