
Microsoft Visual Studio Solution File, Format Version 12.00
# Visual Studio 15
VisualStudioVersion = 15.0.28307.438
MinimumVisualStudioVersion = 10.0.40219.1
Project("{FAE04EC0-301F-11D3-BF4B-00C04F79EFBC}") = "Thompson_Lab5B", "Thompson_Lab5B\Thompson_Lab5B.csproj", "{0F5847BB-D9BC-493A-869C-12CD8821CCFA}"
EndProject
Global
	GlobalSection(SolutionConfigurationPlatforms) = preSolution
		Debug|Any CPU = Debug|Any CPU
		Release|Any CPU = Release|Any CPU
	EndGlobalSection
	GlobalSection(ProjectConfigurationPlatforms) = postSolution
		{0F5847BB-D9BC-493A-869C-12CD8821CCFA}.Debug|Any CPU.ActiveCfg = Debug|Any CPU
		{0F5847BB-D9BC-493A-869C-12CD8821CCFA}.Debug|Any CPU.Build.0 = Debug|Any CPU
		{0F5847BB-D9BC-493A-869C-12CD8821CCFA}.Release|Any CPU.ActiveCfg = Release|Any CPU
		{0F5847BB-D9BC-493A-869C-12CD8821CCFA}.Release|Any CPU.Build.0 = Release|Any CPU
	EndGlobalSection
	GlobalSection(SolutionProperties) = preSolution
		HideSolutionNode = FALSE
	EndGlobalSection
	GlobalSection(ExtensibilityGlobals) = postSolution
		SolutionGuid = {BD78887B-2ADA-4927-AE46-134C3BA181E8}
	EndGlobalSection
EndGlobal
