
Microsoft Visual Studio Solution File, Format Version 12.00
# Visual Studio 15
VisualStudioVersion = 15.0.28307.271
MinimumVisualStudioVersion = 10.0.40219.1
Project("{FAE04EC0-301F-11D3-BF4B-00C04F79EFBC}") = "Thompson_Assignment1B", "Thompson_Assignment1B\Thompson_Assignment1B.csproj", "{943C7271-6BCE-4EBD-891B-32B908767D69}"
EndProject
Global
	GlobalSection(SolutionConfigurationPlatforms) = preSolution
		Debug|Any CPU = Debug|Any CPU
		Release|Any CPU = Release|Any CPU
	EndGlobalSection
	GlobalSection(ProjectConfigurationPlatforms) = postSolution
		{943C7271-6BCE-4EBD-891B-32B908767D69}.Debug|Any CPU.ActiveCfg = Debug|Any CPU
		{943C7271-6BCE-4EBD-891B-32B908767D69}.Debug|Any CPU.Build.0 = Debug|Any CPU
		{943C7271-6BCE-4EBD-891B-32B908767D69}.Release|Any CPU.ActiveCfg = Release|Any CPU
		{943C7271-6BCE-4EBD-891B-32B908767D69}.Release|Any CPU.Build.0 = Release|Any CPU
	EndGlobalSection
	GlobalSection(SolutionProperties) = preSolution
		HideSolutionNode = FALSE
	EndGlobalSection
	GlobalSection(ExtensibilityGlobals) = postSolution
		SolutionGuid = {7E13597A-D438-4510-94FF-504695ED6213}
	EndGlobalSection
EndGlobal
